
Microsoft Visual Studio Solution File, Format Version 12.00
# Visual Studio Version 16
VisualStudioVersion = 16.0.30320.27
MinimumVisualStudioVersion = 10.0.40219.1
Project("{9A19103F-16F7-4668-BE54-9A1E7A4F7556}") = "Socotra.TPI.CoreAPI", "Socotra.TPI.CoreAPI\Socotra.TPI.CoreAPI.csproj", "{76D356A7-80D8-472B-8692-FD34FBA037D7}"
EndProject
Project("{FAE04EC0-301F-11D3-BF4B-00C04F79EFBC}") = "Socotra.TPI.BLL", "Socotra.TPI.BLL\Socotra.TPI.BLL.csproj", "{684E069F-D8D0-4D7C-AF97-5FEE9C7A0D14}"
EndProject
Global
	GlobalSection(SolutionConfigurationPlatforms) = preSolution
		Debug|Any CPU = Debug|Any CPU
		Release|Any CPU = Release|Any CPU
	EndGlobalSection
	GlobalSection(ProjectConfigurationPlatforms) = postSolution
		{76D356A7-80D8-472B-8692-FD34FBA037D7}.Debug|Any CPU.ActiveCfg = Debug|Any CPU
		{76D356A7-80D8-472B-8692-FD34FBA037D7}.Debug|Any CPU.Build.0 = Debug|Any CPU
		{76D356A7-80D8-472B-8692-FD34FBA037D7}.Release|Any CPU.ActiveCfg = Release|Any CPU
		{76D356A7-80D8-472B-8692-FD34FBA037D7}.Release|Any CPU.Build.0 = Release|Any CPU
		{684E069F-D8D0-4D7C-AF97-5FEE9C7A0D14}.Debug|Any CPU.ActiveCfg = Debug|Any CPU
		{684E069F-D8D0-4D7C-AF97-5FEE9C7A0D14}.Debug|Any CPU.Build.0 = Debug|Any CPU
		{684E069F-D8D0-4D7C-AF97-5FEE9C7A0D14}.Release|Any CPU.ActiveCfg = Release|Any CPU
		{684E069F-D8D0-4D7C-AF97-5FEE9C7A0D14}.Release|Any CPU.Build.0 = Release|Any CPU
	EndGlobalSection
	GlobalSection(SolutionProperties) = preSolution
		HideSolutionNode = FALSE
	EndGlobalSection
	GlobalSection(ExtensibilityGlobals) = postSolution
		SolutionGuid = {68806126-B4E1-43CC-9167-888A53EB045D}
	EndGlobalSection
EndGlobal
